
Microsoft Visual Studio Solution File, Format Version 12.00
# Visual Studio 2013
VisualStudioVersion = 12.0.31101.0
MinimumVisualStudioVersion = 10.0.40219.1
Project("{FAE04EC0-301F-11D3-BF4B-00C04F79EFBC}") = "Client", "Client\Client.csproj", "{7CD6F71B-16E2-4CAA-B316-76240BDB9E37}"
EndProject
Project("{FAE04EC0-301F-11D3-BF4B-00C04F79EFBC}") = "Server", "Server\Server.csproj", "{C53325C4-711F-4B8B-8826-340705152C57}"
EndProject
Global
	GlobalSection(SolutionConfigurationPlatforms) = preSolution
		Debug|Any CPU = Debug|Any CPU
		Release|Any CPU = Release|Any CPU
	EndGlobalSection
	GlobalSection(ProjectConfigurationPlatforms) = postSolution
		{7CD6F71B-16E2-4CAA-B316-76240BDB9E37}.Debug|Any CPU.ActiveCfg = Debug|Any CPU
		{7CD6F71B-16E2-4CAA-B316-76240BDB9E37}.Debug|Any CPU.Build.0 = Debug|Any CPU
		{7CD6F71B-16E2-4CAA-B316-76240BDB9E37}.Release|Any CPU.ActiveCfg = Release|Any CPU
		{7CD6F71B-16E2-4CAA-B316-76240BDB9E37}.Release|Any CPU.Build.0 = Release|Any CPU
		{C53325C4-711F-4B8B-8826-340705152C57}.Debug|Any CPU.ActiveCfg = Debug|Any CPU
		{C53325C4-711F-4B8B-8826-340705152C57}.Debug|Any CPU.Build.0 = Debug|Any CPU
		{C53325C4-711F-4B8B-8826-340705152C57}.Release|Any CPU.ActiveCfg = Release|Any CPU
		{C53325C4-711F-4B8B-8826-340705152C57}.Release|Any CPU.Build.0 = Release|Any CPU
	EndGlobalSection
	GlobalSection(SolutionProperties) = preSolution
		HideSolutionNode = FALSE
	EndGlobalSection
EndGlobal
